// !$*UTF8*$!
{
	archiveVersion = 1;
	classes = {
	};
	objectVersion = 46;
	objects = {

/* Begin PBXBuildFile section */
		86814DF61C8D78B80097BC8C /* main.m in Sources */ = {isa = PBXBuildFile; fileRef = 86814DF51C8D78B80097BC8C /* main.m */; };
		86814DF91C8D78B80097BC8C /* AppDelegate.m in Sources */ = {isa = PBXBuildFile; fileRef = 86814DF81C8D78B80097BC8C /* AppDelegate.m */; };
		86814E011C8D78B80097BC8C /* Assets.xcassets in Resources */ = {isa = PBXBuildFile; fileRef = 86814E001C8D78B80097BC8C /* Assets.xcassets */; };
		86814E1A1C8D7D400097BC8C /* Default-568h@2x.png in Resources */ = {isa = PBXBuildFile; fileRef = 86814E191C8D7D400097BC8C /* Default-568h@2x.png */; };
		86814E1E1C8D812D0097BC8C /* UICreator.m in Sources */ = {isa = PBXBuildFile; fileRef = 86814E1D1C8D812D0097BC8C /* UICreator.m */; };
		86814E211C8D81D50097BC8C /* PositionTools.m in Sources */ = {isa = PBXBuildFile; fileRef = 86814E201C8D81D50097BC8C /* PositionTools.m */; };
		86814E271C8D91A10097BC8C /* GlobalCache.m in Sources */ = {isa = PBXBuildFile; fileRef = 86814E261C8D91A10097BC8C /* GlobalCache.m */; };
		86814E2A1C8D92EE0097BC8C /* CacheTools.m in Sources */ = {isa = PBXBuildFile; fileRef = 86814E291C8D92EE0097BC8C /* CacheTools.m */; };
		86814E351C8D94370097BC8C /* GTMBase64.m in Sources */ = {isa = PBXBuildFile; fileRef = 86814E331C8D94370097BC8C /* GTMBase64.m */; };
		86814E3B1C8D94D50097BC8C /* MBProgressHUD+Show.m in Sources */ = {isa = PBXBuildFile; fileRef = 86814E3A1C8D94D50097BC8C /* MBProgressHUD+Show.m */; };
		86814E3E1C8D95230097BC8C /* CommonNetTools.m in Sources */ = {isa = PBXBuildFile; fileRef = 86814E3D1C8D95230097BC8C /* CommonNetTools.m */; };
		86814E411C8D95A00097BC8C /* StringTools.m in Sources */ = {isa = PBXBuildFile; fileRef = 86814E401C8D95A00097BC8C /* StringTools.m */; };
		86814E441C8D962C0097BC8C /* SecutiryTools.m in Sources */ = {isa = PBXBuildFile; fileRef = 86814E431C8D962C0097BC8C /* SecutiryTools.m */; };
		86814E471C8D96F30097BC8C /* TimerButton.m in Sources */ = {isa = PBXBuildFile; fileRef = 86814E461C8D96F30097BC8C /* TimerButton.m */; };
		86814E4A1C8D97440097BC8C /* CommonScrollView.m in Sources */ = {isa = PBXBuildFile; fileRef = 86814E491C8D97440097BC8C /* CommonScrollView.m */; };
		86814E4E1C8D97BC0097BC8C /* DCPicScrollView.m in Sources */ = {isa = PBXBuildFile; fileRef = 86814E4D1C8D97BC0097BC8C /* DCPicScrollView.m */; };
		86814E511C8D98210097BC8C /* FSNavigationController.m in Sources */ = {isa = PBXBuildFile; fileRef = 86814E501C8D98210097BC8C /* FSNavigationController.m */; };
		86814E541C8D987A0097BC8C /* FSBaseViewController.m in Sources */ = {isa = PBXBuildFile; fileRef = 86814E531C8D98790097BC8C /* FSBaseViewController.m */; };
		86814E571C8D990F0097BC8C /* FSBaseSubViewController.m in Sources */ = {isa = PBXBuildFile; fileRef = 86814E561C8D990F0097BC8C /* FSBaseSubViewController.m */; };
		86814E5A1C8D996B0097BC8C /* FSWebViewController.m in Sources */ = {isa = PBXBuildFile; fileRef = 86814E591C8D996B0097BC8C /* FSWebViewController.m */; };
		86814E5D1C8D99F70097BC8C /* FSStarRatingBar.m in Sources */ = {isa = PBXBuildFile; fileRef = 86814E5C1C8D99F70097BC8C /* FSStarRatingBar.m */; };
		86814E601C8D9A570097BC8C /* FSDeviceTools.m in Sources */ = {isa = PBXBuildFile; fileRef = 86814E5F1C8D9A570097BC8C /* FSDeviceTools.m */; };
		86814E631C8D9ABD0097BC8C /* FSServerCommunicator.m in Sources */ = {isa = PBXBuildFile; fileRef = 86814E621C8D9ABD0097BC8C /* FSServerCommunicator.m */; };
		86814E661C8D9C0E0097BC8C /* NSData+Encryption.m in Sources */ = {isa = PBXBuildFile; fileRef = 86814E651C8D9C0E0097BC8C /* NSData+Encryption.m */; };
		869655991C8DAADA0026E397 /* FSHomeViewController.m in Sources */ = {isa = PBXBuildFile; fileRef = 869655981C8DAADA0026E397 /* FSHomeViewController.m */; };
		869655A11C8E8C540026E397 /* FSPersonCenterViewController.m in Sources */ = {isa = PBXBuildFile; fileRef = 869655A01C8E8C540026E397 /* FSPersonCenterViewController.m */; };
		869655A41C8EA9FE0026E397 /* FSHeHeViewController.m in Sources */ = {isa = PBXBuildFile; fileRef = 869655A31C8EA9FE0026E397 /* FSHeHeViewController.m */; };
		86B87B281C945FD7008AE45D /* UIView+FSAutoLayout.m in Sources */ = {isa = PBXBuildFile; fileRef = 86B87B271C945FD7008AE45D /* UIView+FSAutoLayout.m */; };
		86CE81121C914DB400FF9CDB /* UIImage+FSUIImage.m in Sources */ = {isa = PBXBuildFile; fileRef = 86CE81111C914DB400FF9CDB /* UIImage+FSUIImage.m */; };
		86CE81151C915AB000FF9CDB /* CommonSearchBar.m in Sources */ = {isa = PBXBuildFile; fileRef = 86CE81141C915AB000FF9CDB /* CommonSearchBar.m */; };
		ABE7405D03CB4C6C81049CA4 /* libPods.a in Frameworks */ = {isa = PBXBuildFile; fileRef = 58D8C9C1603382FB6F260223 /* libPods.a */; };
/* End PBXBuildFile section */

/* Begin PBXFileReference section */
		58D8C9C1603382FB6F260223 /* libPods.a */ = {isa = PBXFileReference; explicitFileType = archive.ar; includeInIndex = 0; path = libPods.a; sourceTree = BUILT_PRODUCTS_DIR; };
		86814DF11C8D78B80097BC8C /* FastApp.app */ = {isa = PBXFileReference; explicitFileType = wrapper.application; includeInIndex = 0; path = FastApp.app; sourceTree = BUILT_PRODUCTS_DIR; };
		86814DF51C8D78B80097BC8C /* main.m */ = {isa = PBXFileReference; lastKnownFileType = sourcecode.c.objc; path = main.m; sourceTree = "<group>"; };
		86814DF71C8D78B80097BC8C /* AppDelegate.h */ = {isa = PBXFileReference; lastKnownFileType = sourcecode.c.h; path = AppDelegate.h; sourceTree = "<group>"; };
		86814DF81C8D78B80097BC8C /* AppDelegate.m */ = {isa = PBXFileReference; lastKnownFileType = sourcecode.c.objc; path = AppDelegate.m; sourceTree = "<group>"; };
		86814E001C8D78B80097BC8C /* Assets.xcassets */ = {isa = PBXFileReference; lastKnownFileType = folder.assetcatalog; path = Assets.xcassets; sourceTree = "<group>"; };
		86814E051C8D78B80097BC8C /* Info.plist */ = {isa = PBXFileReference; lastKnownFileType = text.plist.xml; path = Info.plist; sourceTree = "<group>"; };
		86814E191C8D7D400097BC8C /* Default-568h@2x.png */ = {isa = PBXFileReference; lastKnownFileType = image.png; path = "Default-568h@2x.png"; sourceTree = "<group>"; };
		86814E1B1C8D7E710097BC8C /* FastApp-Pre.pch */ = {isa = PBXFileReference; lastKnownFileType = sourcecode.c.h; path = "FastApp-Pre.pch"; sourceTree = "<group>"; };
		86814E1C1C8D812D0097BC8C /* UICreator.h */ = {isa = PBXFileReference; fileEncoding = 4; lastKnownFileType = sourcecode.c.h; path = UICreator.h; sourceTree = "<group>"; };
		86814E1D1C8D812D0097BC8C /* UICreator.m */ = {isa = PBXFileReference; fileEncoding = 4; lastKnownFileType = sourcecode.c.objc; path = UICreator.m; sourceTree = "<group>"; };
		86814E1F1C8D81D50097BC8C /* PositionTools.h */ = {isa = PBXFileReference; fileEncoding = 4; lastKnownFileType = sourcecode.c.h; path = PositionTools.h; sourceTree = "<group>"; };
		86814E201C8D81D50097BC8C /* PositionTools.m */ = {isa = PBXFileReference; fileEncoding = 4; lastKnownFileType = sourcecode.c.objc; path = PositionTools.m; sourceTree = "<group>"; };
		86814E221C8D87460097BC8C /* AppMacros.h */ = {isa = PBXFileReference; lastKnownFileType = sourcecode.c.h; path = AppMacros.h; sourceTree = "<group>"; };
		86814E231C8D88430097BC8C /* GloabVariables.h */ = {isa = PBXFileReference; lastKnownFileType = sourcecode.c.h; path = GloabVariables.h; sourceTree = "<group>"; };
		86814E241C8D891E0097BC8C /* MessageKey.h */ = {isa = PBXFileReference; lastKnownFileType = sourcecode.c.h; path = MessageKey.h; sourceTree = "<group>"; };
		86814E251C8D91A10097BC8C /* GlobalCache.h */ = {isa = PBXFileReference; fileEncoding = 4; lastKnownFileType = sourcecode.c.h; path = GlobalCache.h; sourceTree = "<group>"; };
		86814E261C8D91A10097BC8C /* GlobalCache.m */ = {isa = PBXFileReference; fileEncoding = 4; lastKnownFileType = sourcecode.c.objc; path = GlobalCache.m; sourceTree = "<group>"; };
		86814E281C8D92EE0097BC8C /* CacheTools.h */ = {isa = PBXFileReference; fileEncoding = 4; lastKnownFileType = sourcecode.c.h; path = CacheTools.h; sourceTree = "<group>"; };
		86814E291C8D92EE0097BC8C /* CacheTools.m */ = {isa = PBXFileReference; fileEncoding = 4; lastKnownFileType = sourcecode.c.objc; path = CacheTools.m; sourceTree = "<group>"; };
		86814E321C8D94370097BC8C /* GTMBase64.h */ = {isa = PBXFileReference; fileEncoding = 4; lastKnownFileType = sourcecode.c.h; path = GTMBase64.h; sourceTree = "<group>"; };
		86814E331C8D94370097BC8C /* GTMBase64.m */ = {isa = PBXFileReference; fileEncoding = 4; lastKnownFileType = sourcecode.c.objc; path = GTMBase64.m; sourceTree = "<group>"; };
		86814E341C8D94370097BC8C /* GTMDefines.h */ = {isa = PBXFileReference; fileEncoding = 4; lastKnownFileType = sourcecode.c.h; path = GTMDefines.h; sourceTree = "<group>"; };
		86814E391C8D94D50097BC8C /* MBProgressHUD+Show.h */ = {isa = PBXFileReference; fileEncoding = 4; lastKnownFileType = sourcecode.c.h; path = "MBProgressHUD+Show.h"; sourceTree = "<group>"; };
		86814E3A1C8D94D50097BC8C /* MBProgressHUD+Show.m */ = {isa = PBXFileReference; fileEncoding = 4; lastKnownFileType = sourcecode.c.objc; path = "MBProgressHUD+Show.m"; sourceTree = "<group>"; };
		86814E3C1C8D95230097BC8C /* CommonNetTools.h */ = {isa = PBXFileReference; fileEncoding = 4; lastKnownFileType = sourcecode.c.h; path = CommonNetTools.h; sourceTree = "<group>"; };
		86814E3D1C8D95230097BC8C /* CommonNetTools.m */ = {isa = PBXFileReference; fileEncoding = 4; lastKnownFileType = sourcecode.c.objc; path = CommonNetTools.m; sourceTree = "<group>"; };
		86814E3F1C8D95A00097BC8C /* StringTools.h */ = {isa = PBXFileReference; fileEncoding = 4; lastKnownFileType = sourcecode.c.h; path = StringTools.h; sourceTree = "<group>"; };
		86814E401C8D95A00097BC8C /* StringTools.m */ = {isa = PBXFileReference; fileEncoding = 4; lastKnownFileType = sourcecode.c.objc; path = StringTools.m; sourceTree = "<group>"; };
		86814E421C8D962C0097BC8C /* SecutiryTools.h */ = {isa = PBXFileReference; fileEncoding = 4; lastKnownFileType = sourcecode.c.h; path = SecutiryTools.h; sourceTree = "<group>"; };
		86814E431C8D962C0097BC8C /* SecutiryTools.m */ = {isa = PBXFileReference; fileEncoding = 4; lastKnownFileType = sourcecode.c.objc; path = SecutiryTools.m; sourceTree = "<group>"; };
		86814E451C8D96F30097BC8C /* TimerButton.h */ = {isa = PBXFileReference; fileEncoding = 4; lastKnownFileType = sourcecode.c.h; path = TimerButton.h; sourceTree = "<group>"; };
		86814E461C8D96F30097BC8C /* TimerButton.m */ = {isa = PBXFileReference; fileEncoding = 4; lastKnownFileType = sourcecode.c.objc; path = TimerButton.m; sourceTree = "<group>"; };
		86814E481C8D97430097BC8C /* CommonScrollView.h */ = {isa = PBXFileReference; fileEncoding = 4; lastKnownFileType = sourcecode.c.h; path = CommonScrollView.h; sourceTree = "<group>"; };
		86814E491C8D97440097BC8C /* CommonScrollView.m */ = {isa = PBXFileReference; fileEncoding = 4; lastKnownFileType = sourcecode.c.objc; path = CommonScrollView.m; sourceTree = "<group>"; };
		86814E4C1C8D97BC0097BC8C /* DCPicScrollView.h */ = {isa = PBXFileReference; fileEncoding = 4; lastKnownFileType = sourcecode.c.h; path = DCPicScrollView.h; sourceTree = "<group>"; };
		86814E4D1C8D97BC0097BC8C /* DCPicScrollView.m */ = {isa = PBXFileReference; fileEncoding = 4; lastKnownFileType = sourcecode.c.objc; path = DCPicScrollView.m; sourceTree = "<group>"; };
		86814E4F1C8D98210097BC8C /* FSNavigationController.h */ = {isa = PBXFileReference; fileEncoding = 4; lastKnownFileType = sourcecode.c.h; path = FSNavigationController.h; sourceTree = "<group>"; };
		86814E501C8D98210097BC8C /* FSNavigationController.m */ = {isa = PBXFileReference; fileEncoding = 4; lastKnownFileType = sourcecode.c.objc; path = FSNavigationController.m; sourceTree = "<group>"; };
		86814E521C8D98790097BC8C /* FSBaseViewController.h */ = {isa = PBXFileReference; fileEncoding = 4; lastKnownFileType = sourcecode.c.h; path = FSBaseViewController.h; sourceTree = "<group>"; };
		86814E531C8D98790097BC8C /* FSBaseViewController.m */ = {isa = PBXFileReference; fileEncoding = 4; lastKnownFileType = sourcecode.c.objc; path = FSBaseViewController.m; sourceTree = "<group>"; };
		86814E551C8D990F0097BC8C /* FSBaseSubViewController.h */ = {isa = PBXFileReference; fileEncoding = 4; lastKnownFileType = sourcecode.c.h; path = FSBaseSubViewController.h; sourceTree = "<group>"; };
		86814E561C8D990F0097BC8C /* FSBaseSubViewController.m */ = {isa = PBXFileReference; fileEncoding = 4; lastKnownFileType = sourcecode.c.objc; path = FSBaseSubViewController.m; sourceTree = "<group>"; };
		86814E581C8D996B0097BC8C /* FSWebViewController.h */ = {isa = PBXFileReference; fileEncoding = 4; lastKnownFileType = sourcecode.c.h; path = FSWebViewController.h; sourceTree = "<group>"; };
		86814E591C8D996B0097BC8C /* FSWebViewController.m */ = {isa = PBXFileReference; fileEncoding = 4; lastKnownFileType = sourcecode.c.objc; path = FSWebViewController.m; sourceTree = "<group>"; };
		86814E5B1C8D99F70097BC8C /* FSStarRatingBar.h */ = {isa = PBXFileReference; fileEncoding = 4; lastKnownFileType = sourcecode.c.h; path = FSStarRatingBar.h; sourceTree = "<group>"; };
		86814E5C1C8D99F70097BC8C /* FSStarRatingBar.m */ = {isa = PBXFileReference; fileEncoding = 4; lastKnownFileType = sourcecode.c.objc; path = FSStarRatingBar.m; sourceTree = "<group>"; };
		86814E5E1C8D9A570097BC8C /* FSDeviceTools.h */ = {isa = PBXFileReference; fileEncoding = 4; lastKnownFileType = sourcecode.c.h; path = FSDeviceTools.h; sourceTree = "<group>"; };
		86814E5F1C8D9A570097BC8C /* FSDeviceTools.m */ = {isa = PBXFileReference; fileEncoding = 4; lastKnownFileType = sourcecode.c.objc; path = FSDeviceTools.m; sourceTree = "<group>"; };
		86814E611C8D9ABD0097BC8C /* FSServerCommunicator.h */ = {isa = PBXFileReference; fileEncoding = 4; lastKnownFileType = sourcecode.c.h; path = FSServerCommunicator.h; sourceTree = "<group>"; };
		86814E621C8D9ABD0097BC8C /* FSServerCommunicator.m */ = {isa = PBXFileReference; fileEncoding = 4; lastKnownFileType = sourcecode.c.objc; path = FSServerCommunicator.m; sourceTree = "<group>"; };
		86814E641C8D9C0E0097BC8C /* NSData+Encryption.h */ = {isa = PBXFileReference; fileEncoding = 4; lastKnownFileType = sourcecode.c.h; path = "NSData+Encryption.h"; sourceTree = "<group>"; };
		86814E651C8D9C0E0097BC8C /* NSData+Encryption.m */ = {isa = PBXFileReference; fileEncoding = 4; lastKnownFileType = sourcecode.c.objc; path = "NSData+Encryption.m"; sourceTree = "<group>"; };
		869655971C8DAADA0026E397 /* FSHomeViewController.h */ = {isa = PBXFileReference; fileEncoding = 4; lastKnownFileType = sourcecode.c.h; path = FSHomeViewController.h; sourceTree = "<group>"; };
		869655981C8DAADA0026E397 /* FSHomeViewController.m */ = {isa = PBXFileReference; fileEncoding = 4; lastKnownFileType = sourcecode.c.objc; path = FSHomeViewController.m; sourceTree = "<group>"; };
		8696559F1C8E8C540026E397 /* FSPersonCenterViewController.h */ = {isa = PBXFileReference; fileEncoding = 4; lastKnownFileType = sourcecode.c.h; path = FSPersonCenterViewController.h; sourceTree = "<group>"; };
		869655A01C8E8C540026E397 /* FSPersonCenterViewController.m */ = {isa = PBXFileReference; fileEncoding = 4; lastKnownFileType = sourcecode.c.objc; path = FSPersonCenterViewController.m; sourceTree = "<group>"; };
		869655A21C8EA9FE0026E397 /* FSHeHeViewController.h */ = {isa = PBXFileReference; fileEncoding = 4; lastKnownFileType = sourcecode.c.h; path = FSHeHeViewController.h; sourceTree = "<group>"; };
		869655A31C8EA9FE0026E397 /* FSHeHeViewController.m */ = {isa = PBXFileReference; fileEncoding = 4; lastKnownFileType = sourcecode.c.objc; path = FSHeHeViewController.m; sourceTree = "<group>"; };
		86B87B261C945FD7008AE45D /* UIView+FSAutoLayout.h */ = {isa = PBXFileReference; fileEncoding = 4; lastKnownFileType = sourcecode.c.h; path = "UIView+FSAutoLayout.h"; sourceTree = "<group>"; };
		86B87B271C945FD7008AE45D /* UIView+FSAutoLayout.m */ = {isa = PBXFileReference; fileEncoding = 4; lastKnownFileType = sourcecode.c.objc; path = "UIView+FSAutoLayout.m"; sourceTree = "<group>"; };
		86CE81101C914DB400FF9CDB /* UIImage+FSUIImage.h */ = {isa = PBXFileReference; fileEncoding = 4; lastKnownFileType = sourcecode.c.h; path = "UIImage+FSUIImage.h"; sourceTree = "<group>"; };
		86CE81111C914DB400FF9CDB /* UIImage+FSUIImage.m */ = {isa = PBXFileReference; fileEncoding = 4; lastKnownFileType = sourcecode.c.objc; path = "UIImage+FSUIImage.m"; sourceTree = "<group>"; };
		86CE81131C915AB000FF9CDB /* CommonSearchBar.h */ = {isa = PBXFileReference; fileEncoding = 4; lastKnownFileType = sourcecode.c.h; path = CommonSearchBar.h; sourceTree = "<group>"; };
		86CE81141C915AB000FF9CDB /* CommonSearchBar.m */ = {isa = PBXFileReference; fileEncoding = 4; lastKnownFileType = sourcecode.c.objc; path = CommonSearchBar.m; sourceTree = "<group>"; };
		C9C2781E8891DA49860E6480 /* Pods.release.xcconfig */ = {isa = PBXFileReference; includeInIndex = 1; lastKnownFileType = text.xcconfig; name = Pods.release.xcconfig; path = "Pods/Target Support Files/Pods/Pods.release.xcconfig"; sourceTree = "<group>"; };
		D8C71976E8CF56F2C0B94D30 /* Pods.debug.xcconfig */ = {isa = PBXFileReference; includeInIndex = 1; lastKnownFileType = text.xcconfig; name = Pods.debug.xcconfig; path = "Pods/Target Support Files/Pods/Pods.debug.xcconfig"; sourceTree = "<group>"; };
/* End PBXFileReference section */

/* Begin PBXFrameworksBuildPhase section */
		86814DEE1C8D78B80097BC8C /* Frameworks */ = {
			isa = PBXFrameworksBuildPhase;
			buildActionMask = 2147483647;
			files = (
				ABE7405D03CB4C6C81049CA4 /* libPods.a in Frameworks */,
			);
			runOnlyForDeploymentPostprocessing = 0;
		};
/* End PBXFrameworksBuildPhase section */

/* Begin PBXGroup section */
		86814DE81C8D78B80097BC8C = {
			isa = PBXGroup;
			children = (
				86814DF31C8D78B80097BC8C /* FastApp */,
				86814DF21C8D78B80097BC8C /* Products */,
				C3804B58DD944F4BE7B77976 /* Pods */,
				C7E8E020466F7B95B04CF07B /* Frameworks */,
			);
			sourceTree = "<group>";
		};
		86814DF21C8D78B80097BC8C /* Products */ = {
			isa = PBXGroup;
			children = (
				86814DF11C8D78B80097BC8C /* FastApp.app */,
			);
			name = Products;
			sourceTree = "<group>";
		};
		86814DF31C8D78B80097BC8C /* FastApp */ = {
			isa = PBXGroup;
			children = (
				86814E0D1C8D7C440097BC8C /* Classes */,
				86814DF41C8D78B80097BC8C /* Supporting Files */,
			);
			path = FastApp;
			sourceTree = "<group>";
		};
		86814DF41C8D78B80097BC8C /* Supporting Files */ = {
			isa = PBXGroup;
			children = (
				86814DF71C8D78B80097BC8C /* AppDelegate.h */,
				86814DF81C8D78B80097BC8C /* AppDelegate.m */,
				86814E191C8D7D400097BC8C /* Default-568h@2x.png */,
				86814E001C8D78B80097BC8C /* Assets.xcassets */,
				86814E051C8D78B80097BC8C /* Info.plist */,
				86814DF51C8D78B80097BC8C /* main.m */,
				86814E1B1C8D7E710097BC8C /* FastApp-Pre.pch */,
			);
			name = "Supporting Files";
			sourceTree = "<group>";
		};
		86814E0D1C8D7C440097BC8C /* Classes */ = {
			isa = PBXGroup;
			children = (
				86814E0E1C8D7C440097BC8C /* AppCode */,
				86814E111C8D7C440097BC8C /* Common */,
				86814E181C8D7C440097BC8C /* ThirdPart */,
			);
			path = Classes;
			sourceTree = "<group>";
		};
		86814E0E1C8D7C440097BC8C /* AppCode */ = {
			isa = PBXGroup;
			children = (
				86814E0F1C8D7C440097BC8C /* Home */,
				86814E101C8D7C440097BC8C /* Mine */,
			);
			path = AppCode;
			sourceTree = "<group>";
		};
		86814E0F1C8D7C440097BC8C /* Home */ = {
			isa = PBXGroup;
			children = (
				869655971C8DAADA0026E397 /* FSHomeViewController.h */,
				869655981C8DAADA0026E397 /* FSHomeViewController.m */,
			);
			path = Home;
			sourceTree = "<group>";
		};
		86814E101C8D7C440097BC8C /* Mine */ = {
			isa = PBXGroup;
			children = (
				8696559F1C8E8C540026E397 /* FSPersonCenterViewController.h */,
				869655A01C8E8C540026E397 /* FSPersonCenterViewController.m */,
				869655A21C8EA9FE0026E397 /* FSHeHeViewController.h */,
				869655A31C8EA9FE0026E397 /* FSHeHeViewController.m */,
			);
			path = Mine;
			sourceTree = "<group>";
		};
		86814E111C8D7C440097BC8C /* Common */ = {
			isa = PBXGroup;
			children = (
				86814E121C8D7C440097BC8C /* Category */,
				86814E131C8D7C440097BC8C /* Constant */,
				86814E141C8D7C440097BC8C /* Model */,
				86814E151C8D7C440097BC8C /* Security */,
				86814E161C8D7C440097BC8C /* Tools */,
				86814E171C8D7C440097BC8C /* UI */,
			);
			path = Common;
			sourceTree = "<group>";
		};
		86814E121C8D7C440097BC8C /* Category */ = {
			isa = PBXGroup;
			children = (
				86814E641C8D9C0E0097BC8C /* NSData+Encryption.h */,
				86814E651C8D9C0E0097BC8C /* NSData+Encryption.m */,
				86814E391C8D94D50097BC8C /* MBProgressHUD+Show.h */,
				86814E3A1C8D94D50097BC8C /* MBProgressHUD+Show.m */,
				86CE81101C914DB400FF9CDB /* UIImage+FSUIImage.h */,
				86CE81111C914DB400FF9CDB /* UIImage+FSUIImage.m */,
				86B87B261C945FD7008AE45D /* UIView+FSAutoLayout.h */,
				86B87B271C945FD7008AE45D /* UIView+FSAutoLayout.m */,
			);
			path = Category;
			sourceTree = "<group>";
		};
		86814E131C8D7C440097BC8C /* Constant */ = {
			isa = PBXGroup;
			children = (
				86814E221C8D87460097BC8C /* AppMacros.h */,
				86814E231C8D88430097BC8C /* GloabVariables.h */,
				86814E241C8D891E0097BC8C /* MessageKey.h */,
				86814E251C8D91A10097BC8C /* GlobalCache.h */,
				86814E261C8D91A10097BC8C /* GlobalCache.m */,
			);
			path = Constant;
			sourceTree = "<group>";
		};
		86814E141C8D7C440097BC8C /* Model */ = {
			isa = PBXGroup;
			children = (
			);
			path = Model;
			sourceTree = "<group>";
		};
		86814E151C8D7C440097BC8C /* Security */ = {
			isa = PBXGroup;
			children = (
				86814E421C8D962C0097BC8C /* SecutiryTools.h */,
				86814E431C8D962C0097BC8C /* SecutiryTools.m */,
			);
			path = Security;
			sourceTree = "<group>";
		};
		86814E161C8D7C440097BC8C /* Tools */ = {
			isa = PBXGroup;
			children = (
				86814E1C1C8D812D0097BC8C /* UICreator.h */,
				86814E1D1C8D812D0097BC8C /* UICreator.m */,
				86814E1F1C8D81D50097BC8C /* PositionTools.h */,
				86814E201C8D81D50097BC8C /* PositionTools.m */,
				86814E281C8D92EE0097BC8C /* CacheTools.h */,
				86814E291C8D92EE0097BC8C /* CacheTools.m */,
				86814E3C1C8D95230097BC8C /* CommonNetTools.h */,
				86814E3D1C8D95230097BC8C /* CommonNetTools.m */,
				86814E3F1C8D95A00097BC8C /* StringTools.h */,
				86814E401C8D95A00097BC8C /* StringTools.m */,
				86814E5E1C8D9A570097BC8C /* FSDeviceTools.h */,
				86814E5F1C8D9A570097BC8C /* FSDeviceTools.m */,
				86814E611C8D9ABD0097BC8C /* FSServerCommunicator.h */,
				86814E621C8D9ABD0097BC8C /* FSServerCommunicator.m */,
			);
			path = Tools;
			sourceTree = "<group>";
		};
		86814E171C8D7C440097BC8C /* UI */ = {
			isa = PBXGroup;
			children = (
				86CE81131C915AB000FF9CDB /* CommonSearchBar.h */,
				86CE81141C915AB000FF9CDB /* CommonSearchBar.m */,
				86814E451C8D96F30097BC8C /* TimerButton.h */,
				86814E461C8D96F30097BC8C /* TimerButton.m */,
				86814E481C8D97430097BC8C /* CommonScrollView.h */,
				86814E491C8D97440097BC8C /* CommonScrollView.m */,
				86814E4F1C8D98210097BC8C /* FSNavigationController.h */,
				86814E501C8D98210097BC8C /* FSNavigationController.m */,
				86814E521C8D98790097BC8C /* FSBaseViewController.h */,
				86814E531C8D98790097BC8C /* FSBaseViewController.m */,
				86814E551C8D990F0097BC8C /* FSBaseSubViewController.h */,
				86814E561C8D990F0097BC8C /* FSBaseSubViewController.m */,
				86814E581C8D996B0097BC8C /* FSWebViewController.h */,
				86814E591C8D996B0097BC8C /* FSWebViewController.m */,
				86814E5B1C8D99F70097BC8C /* FSStarRatingBar.h */,
				86814E5C1C8D99F70097BC8C /* FSStarRatingBar.m */,
			);
			path = UI;
			sourceTree = "<group>";
		};
		86814E181C8D7C440097BC8C /* ThirdPart */ = {
			isa = PBXGroup;
			children = (
				86814E4B1C8D97BC0097BC8C /* DCPicScrollView */,
				86814E311C8D94370097BC8C /* GMTBase64 */,
			);
			path = ThirdPart;
			sourceTree = "<group>";
		};
		86814E311C8D94370097BC8C /* GMTBase64 */ = {
			isa = PBXGroup;
			children = (
				86814E321C8D94370097BC8C /* GTMBase64.h */,
				86814E331C8D94370097BC8C /* GTMBase64.m */,
				86814E341C8D94370097BC8C /* GTMDefines.h */,
			);
			path = GMTBase64;
			sourceTree = "<group>";
		};
		86814E4B1C8D97BC0097BC8C /* DCPicScrollView */ = {
			isa = PBXGroup;
			children = (
				86814E4C1C8D97BC0097BC8C /* DCPicScrollView.h */,
				86814E4D1C8D97BC0097BC8C /* DCPicScrollView.m */,
			);
			path = DCPicScrollView;
			sourceTree = "<group>";
		};
		C3804B58DD944F4BE7B77976 /* Pods */ = {
			isa = PBXGroup;
			children = (
				D8C71976E8CF56F2C0B94D30 /* Pods.debug.xcconfig */,
				C9C2781E8891DA49860E6480 /* Pods.release.xcconfig */,
			);
			name = Pods;
			sourceTree = "<group>";
		};
		C7E8E020466F7B95B04CF07B /* Frameworks */ = {
			isa = PBXGroup;
			children = (
				58D8C9C1603382FB6F260223 /* libPods.a */,
			);
			name = Frameworks;
			sourceTree = "<group>";
		};
/* End PBXGroup section */

/* Begin PBXNativeTarget section */
		86814DF01C8D78B80097BC8C /* FastApp */ = {
			isa = PBXNativeTarget;
			buildConfigurationList = 86814E081C8D78B80097BC8C /* Build configuration list for PBXNativeTarget "FastApp" */;
			buildPhases = (
				E7565750469641554E158534 /* Check Pods Manifest.lock */,
				86814DED1C8D78B80097BC8C /* Sources */,
				86814DEE1C8D78B80097BC8C /* Frameworks */,
				86814DEF1C8D78B80097BC8C /* Resources */,
				4C1FF72B0EC884153FAAB991 /* Embed Pods Frameworks */,
				C555EA69C0B432F82CBE185B /* Copy Pods Resources */,
			);
			buildRules = (
			);
			dependencies = (
			);
			name = FastApp;
			productName = FastApp;
			productReference = 86814DF11C8D78B80097BC8C /* FastApp.app */;
			productType = "com.apple.product-type.application";
		};
/* End PBXNativeTarget section */

/* Begin PBXProject section */
		86814DE91C8D78B80097BC8C /* Project object */ = {
			isa = PBXProject;
			attributes = {
				CLASSPREFIX = FS;
				LastUpgradeCheck = 0720;
				ORGANIZATIONNAME = www.shuoit.net;
				TargetAttributes = {
					86814DF01C8D78B80097BC8C = {
						CreatedOnToolsVersion = 7.2;
					};
				};
			};
			buildConfigurationList = 86814DEC1C8D78B80097BC8C /* Build configuration list for PBXProject "FastApp" */;
			compatibilityVersion = "Xcode 3.2";
			developmentRegion = English;
			hasScannedForEncodings = 0;
			knownRegions = (
				en,
				Base,
			);
			mainGroup = 86814DE81C8D78B80097BC8C;
			productRefGroup = 86814DF21C8D78B80097BC8C /* Products */;
			projectDirPath = "";
			projectRoot = "";
			targets = (
				86814DF01C8D78B80097BC8C /* FastApp */,
			);
		};
/* End PBXProject section */

/* Begin PBXResourcesBuildPhase section */
		86814DEF1C8D78B80097BC8C /* Resources */ = {
			isa = PBXResourcesBuildPhase;
			buildActionMask = 2147483647;
			files = (
				86814E011C8D78B80097BC8C /* Assets.xcassets in Resources */,
				86814E1A1C8D7D400097BC8C /* Default-568h@2x.png in Resources */,
			);
			runOnlyForDeploymentPostprocessing = 0;
		};
/* End PBXResourcesBuildPhase section */

/* Begin PBXShellScriptBuildPhase section */
		4C1FF72B0EC884153FAAB991 /* Embed Pods Frameworks */ = {
			isa = PBXShellScriptBuildPhase;
			buildActionMask = 2147483647;
			files = (
			);
			inputPaths = (
			);
			name = "Embed Pods Frameworks";
			outputPaths = (
			);
			runOnlyForDeploymentPostprocessing = 0;
			shellPath = /bin/sh;
			shellScript = "\"${SRCROOT}/Pods/Target Support Files/Pods/Pods-frameworks.sh\"\n";
			showEnvVarsInLog = 0;
		};
		C555EA69C0B432F82CBE185B /* Copy Pods Resources */ = {
			isa = PBXShellScriptBuildPhase;
			buildActionMask = 2147483647;
			files = (
			);
			inputPaths = (
			);
			name = "Copy Pods Resources";
			outputPaths = (
			);
			runOnlyForDeploymentPostprocessing = 0;
			shellPath = /bin/sh;
			shellScript = "\"${SRCROOT}/Pods/Target Support Files/Pods/Pods-resources.sh\"\n";
			showEnvVarsInLog = 0;
		};
		E7565750469641554E158534 /* Check Pods Manifest.lock */ = {
			isa = PBXShellScriptBuildPhase;
			buildActionMask = 2147483647;
			files = (
			);
			inputPaths = (
			);
			name = "Check Pods Manifest.lock";
			outputPaths = (
			);
			runOnlyForDeploymentPostprocessing = 0;
			shellPath = /bin/sh;
			shellScript = "diff \"${PODS_ROOT}/../Podfile.lock\" \"${PODS_ROOT}/Manifest.lock\" > /dev/null\nif [[ $? != 0 ]] ; then\n    cat << EOM\nerror: The sandbox is not in sync with the Podfile.lock. Run 'pod install' or update your CocoaPods installation.\nEOM\n    exit 1\nfi\n";
			showEnvVarsInLog = 0;
		};
/* End PBXShellScriptBuildPhase section */

/* Begin PBXSourcesBuildPhase section */
		86814DED1C8D78B80097BC8C /* Sources */ = {
			isa = PBXSourcesBuildPhase;
			buildActionMask = 2147483647;
			files = (
				86B87B281C945FD7008AE45D /* UIView+FSAutoLayout.m in Sources */,
				86814E211C8D81D50097BC8C /* PositionTools.m in Sources */,
				86814E271C8D91A10097BC8C /* GlobalCache.m in Sources */,
				86CE81121C914DB400FF9CDB /* UIImage+FSUIImage.m in Sources */,
				86814E411C8D95A00097BC8C /* StringTools.m in Sources */,
				86814E4E1C8D97BC0097BC8C /* DCPicScrollView.m in Sources */,
				86814E631C8D9ABD0097BC8C /* FSServerCommunicator.m in Sources */,
				86814E601C8D9A570097BC8C /* FSDeviceTools.m in Sources */,
				86814E5A1C8D996B0097BC8C /* FSWebViewController.m in Sources */,
				869655991C8DAADA0026E397 /* FSHomeViewController.m in Sources */,
				86814E541C8D987A0097BC8C /* FSBaseViewController.m in Sources */,
				869655A11C8E8C540026E397 /* FSPersonCenterViewController.m in Sources */,
				86814E3E1C8D95230097BC8C /* CommonNetTools.m in Sources */,
				86814E3B1C8D94D50097BC8C /* MBProgressHUD+Show.m in Sources */,
				86814E471C8D96F30097BC8C /* TimerButton.m in Sources */,
				86814E2A1C8D92EE0097BC8C /* CacheTools.m in Sources */,
				86CE81151C915AB000FF9CDB /* CommonSearchBar.m in Sources */,
				86814E5D1C8D99F70097BC8C /* FSStarRatingBar.m in Sources */,
				86814DF91C8D78B80097BC8C /* AppDelegate.m in Sources */,
				86814E4A1C8D97440097BC8C /* CommonScrollView.m in Sources */,
				86814E661C8D9C0E0097BC8C /* NSData+Encryption.m in Sources */,
				86814E571C8D990F0097BC8C /* FSBaseSubViewController.m in Sources */,
				86814E1E1C8D812D0097BC8C /* UICreator.m in Sources */,
				86814E511C8D98210097BC8C /* FSNavigationController.m in Sources */,
				869655A41C8EA9FE0026E397 /* FSHeHeViewController.m in Sources */,
				86814E441C8D962C0097BC8C /* SecutiryTools.m in Sources */,
				86814E351C8D94370097BC8C /* GTMBase64.m in Sources */,
				86814DF61C8D78B80097BC8C /* main.m in Sources */,
			);
			runOnlyForDeploymentPostprocessing = 0;
		};
/* End PBXSourcesBuildPhase section */

/* Begin XCBuildConfiguration section */
		86814E061C8D78B80097BC8C /* Debug */ = {
			isa = XCBuildConfiguration;
			buildSettings = {
				ALWAYS_SEARCH_USER_PATHS = NO;
				CLANG_CXX_LANGUAGE_STANDARD = "gnu++0x";
				CLANG_CXX_LIBRARY = "libc++";
				CLANG_ENABLE_MODULES = YES;
				CLANG_ENABLE_OBJC_ARC = YES;
				CLANG_WARN_BOOL_CONVERSION = YES;
				CLANG_WARN_CONSTANT_CONVERSION = YES;
				CLANG_WARN_DIRECT_OBJC_ISA_USAGE = YES_ERROR;
				CLANG_WARN_EMPTY_BODY = YES;
				CLANG_WARN_ENUM_CONVERSION = YES;
				CLANG_WARN_INT_CONVERSION = YES;
				CLANG_WARN_OBJC_ROOT_CLASS = YES_ERROR;
				CLANG_WARN_UNREACHABLE_CODE = YES;
				CLANG_WARN__DUPLICATE_METHOD_MATCH = YES;
				"CODE_SIGN_IDENTITY[sdk=iphoneos*]" = "iPhone Developer";
				COPY_PHASE_STRIP = NO;
				DEBUG_INFORMATION_FORMAT = dwarf;
				ENABLE_STRICT_OBJC_MSGSEND = YES;
				ENABLE_TESTABILITY = YES;
				GCC_C_LANGUAGE_STANDARD = gnu99;
				GCC_DYNAMIC_NO_PIC = NO;
				GCC_NO_COMMON_BLOCKS = YES;
				GCC_OPTIMIZATION_LEVEL = 0;
				GCC_PREPROCESSOR_DEFINITIONS = (
					"DEBUG=1",
					"$(inherited)",
				);
				GCC_WARN_64_TO_32_BIT_CONVERSION = YES;
				GCC_WARN_ABOUT_RETURN_TYPE = YES_ERROR;
				GCC_WARN_UNDECLARED_SELECTOR = YES;
				GCC_WARN_UNINITIALIZED_AUTOS = YES_AGGRESSIVE;
				GCC_WARN_UNUSED_FUNCTION = YES;
				GCC_WARN_UNUSED_VARIABLE = YES;
				IPHONEOS_DEPLOYMENT_TARGET = 9.2;
				MTL_ENABLE_DEBUG_INFO = YES;
				ONLY_ACTIVE_ARCH = YES;
				SDKROOT = iphoneos;
				TARGETED_DEVICE_FAMILY = "1,2";
			};
			name = Debug;
		};
		86814E071C8D78B80097BC8C /* Release */ = {
			isa = XCBuildConfiguration;
			buildSettings = {
				ALWAYS_SEARCH_USER_PATHS = NO;
				CLANG_CXX_LANGUAGE_STANDARD = "gnu++0x";
				CLANG_CXX_LIBRARY = "libc++";
				CLANG_ENABLE_MODULES = YES;
				CLANG_ENABLE_OBJC_ARC = YES;
				CLANG_WARN_BOOL_CONVERSION = YES;
				CLANG_WARN_CONSTANT_CONVERSION = YES;
				CLANG_WARN_DIRECT_OBJC_ISA_USAGE = YES_ERROR;
				CLANG_WARN_EMPTY_BODY = YES;
				CLANG_WARN_ENUM_CONVERSION = YES;
				CLANG_WARN_INT_CONVERSION = YES;
				CLANG_WARN_OBJC_ROOT_CLASS = YES_ERROR;
				CLANG_WARN_UNREACHABLE_CODE = YES;
				CLANG_WARN__DUPLICATE_METHOD_MATCH = YES;
				"CODE_SIGN_IDENTITY[sdk=iphoneos*]" = "iPhone Developer";
				COPY_PHASE_STRIP = NO;
				DEBUG_INFORMATION_FORMAT = "dwarf-with-dsym";
				ENABLE_NS_ASSERTIONS = NO;
				ENABLE_STRICT_OBJC_MSGSEND = YES;
				GCC_C_LANGUAGE_STANDARD = gnu99;
				GCC_NO_COMMON_BLOCKS = YES;
				GCC_WARN_64_TO_32_BIT_CONVERSION = YES;
				GCC_WARN_ABOUT_RETURN_TYPE = YES_ERROR;
				GCC_WARN_UNDECLARED_SELECTOR = YES;
				GCC_WARN_UNINITIALIZED_AUTOS = YES_AGGRESSIVE;
				GCC_WARN_UNUSED_FUNCTION = YES;
				GCC_WARN_UNUSED_VARIABLE = YES;
				IPHONEOS_DEPLOYMENT_TARGET = 9.2;
				MTL_ENABLE_DEBUG_INFO = NO;
				SDKROOT = iphoneos;
				TARGETED_DEVICE_FAMILY = "1,2";
				VALIDATE_PRODUCT = YES;
			};
			name = Release;
		};
		86814E091C8D78B80097BC8C /* Debug */ = {
			isa = XCBuildConfiguration;
			baseConfigurationReference = D8C71976E8CF56F2C0B94D30 /* Pods.debug.xcconfig */;
			buildSettings = {
				ASSETCATALOG_COMPILER_APPICON_NAME = AppIcon;
				GCC_PREFIX_HEADER = "$(SRCROOT)/$(PRODUCT_NAME)/FastApp-Pre.pch";
				INFOPLIST_FILE = FastApp/Info.plist;
				IPHONEOS_DEPLOYMENT_TARGET = 7.1;
				LD_RUNPATH_SEARCH_PATHS = "$(inherited) @executable_path/Frameworks";
				PRODUCT_BUNDLE_IDENTIFIER = net.shuoit.ios.fastApp;
				PRODUCT_NAME = "$(TARGET_NAME)";
			};
			name = Debug;
		};
		86814E0A1C8D78B80097BC8C /* Release */ = {
			isa = XCBuildConfiguration;
			baseConfigurationReference = C9C2781E8891DA49860E6480 /* Pods.release.xcconfig */;
			buildSettings = {
				ASSETCATALOG_COMPILER_APPICON_NAME = AppIcon;
				GCC_PREFIX_HEADER = "$(SRCROOT)/$(PRODUCT_NAME)/FastApp-Pre.pch";
				INFOPLIST_FILE = FastApp/Info.plist;
				IPHONEOS_DEPLOYMENT_TARGET = 7.1;
				LD_RUNPATH_SEARCH_PATHS = "$(inherited) @executable_path/Frameworks";
				PRODUCT_BUNDLE_IDENTIFIER = net.shuoit.ios.fastApp;
				PRODUCT_NAME = "$(TARGET_NAME)";
			};
			name = Release;
		};
/* End XCBuildConfiguration section */

/* Begin XCConfigurationList section */
		86814DEC1C8D78B80097BC8C /* Build configuration list for PBXProject "FastApp" */ = {
			isa = XCConfigurationList;
			buildConfigurations = (
				86814E061C8D78B80097BC8C /* Debug */,
				86814E071C8D78B80097BC8C /* Release */,
			);
			defaultConfigurationIsVisible = 0;
			defaultConfigurationName = Release;
		};
		86814E081C8D78B80097BC8C /* Build configuration list for PBXNativeTarget "FastApp" */ = {
			isa = XCConfigurationList;
			buildConfigurations = (
				86814E091C8D78B80097BC8C /* Debug */,
				86814E0A1C8D78B80097BC8C /* Release */,
			);
			defaultConfigurationIsVisible = 0;
			defaultConfigurationName = Release;
		};
/* End XCConfigurationList section */
	};
	rootObject = 86814DE91C8D78B80097BC8C /* Project object */;
}
